// !$*UTF8*$!
{
	archiveVersion = 1;
	classes = {
	};
	objectVersion = 50;
	objects = {

/* Begin PBXBuildFile section */
		1753AE17245355F2006B5BF1 /* CircleImage.swift in Sources */ = {isa = PBXBuildFile; fileRef = 1753AE16245355F2006B5BF1 /* CircleImage.swift */; };
		17FF5E4424533D9200B779D8 /* AppDelegate.swift in Sources */ = {isa = PBXBuildFile; fileRef = 17FF5E4324533D9200B779D8 /* AppDelegate.swift */; };
		17FF5E4624533D9200B779D8 /* SceneDelegate.swift in Sources */ = {isa = PBXBuildFile; fileRef = 17FF5E4524533D9200B779D8 /* SceneDelegate.swift */; };
		17FF5E4824533D9200B779D8 /* ContentView.swift in Sources */ = {isa = PBXBuildFile; fileRef = 17FF5E4724533D9200B779D8 /* ContentView.swift */; };
		17FF5E4A24533D9800B779D8 /* Assets.xcassets in Resources */ = {isa = PBXBuildFile; fileRef = 17FF5E4924533D9800B779D8 /* Assets.xcassets */; };
		17FF5E4D24533D9800B779D8 /* Preview Assets.xcassets in Resources */ = {isa = PBXBuildFile; fileRef = 17FF5E4C24533D9800B779D8 /* Preview Assets.xcassets */; };
		17FF5E5024533D9800B779D8 /* LaunchScreen.storyboard in Resources */ = {isa = PBXBuildFile; fileRef = 17FF5E4E24533D9800B779D8 /* LaunchScreen.storyboard */; };
/* End PBXBuildFile section */

/* Begin PBXFileReference section */
		1753AE16245355F2006B5BF1 /* CircleImage.swift */ = {isa = PBXFileReference; lastKnownFileType = sourcecode.swift; path = CircleImage.swift; sourceTree = "<group>"; };
		17FF5E4024533D9200B779D8 /* swift-ui-first-app.app */ = {isa = PBXFileReference; explicitFileType = wrapper.application; includeInIndex = 0; path = "swift-ui-first-app.app"; sourceTree = BUILT_PRODUCTS_DIR; };
		17FF5E4324533D9200B779D8 /* AppDelegate.swift */ = {isa = PBXFileReference; lastKnownFileType = sourcecode.swift; path = AppDelegate.swift; sourceTree = "<group>"; };
		17FF5E4524533D9200B779D8 /* SceneDelegate.swift */ = {isa = PBXFileReference; lastKnownFileType = sourcecode.swift; path = SceneDelegate.swift; sourceTree = "<group>"; };
		17FF5E4724533D9200B779D8 /* ContentView.swift */ = {isa = PBXFileReference; lastKnownFileType = sourcecode.swift; path = ContentView.swift; sourceTree = "<group>"; };
		17FF5E4924533D9800B779D8 /* Assets.xcassets */ = {isa = PBXFileReference; lastKnownFileType = folder.assetcatalog; path = Assets.xcassets; sourceTree = "<group>"; };
		17FF5E4C24533D9800B779D8 /* Preview Assets.xcassets */ = {isa = PBXFileReference; lastKnownFileType = folder.assetcatalog; path = "Preview Assets.xcassets"; sourceTree = "<group>"; };
		17FF5E4F24533D9800B779D8 /* Base */ = {isa = PBXFileReference; lastKnownFileType = file.storyboard; name = Base; path = Base.lproj/LaunchScreen.storyboard; sourceTree = "<group>"; };
		17FF5E5124533D9800B779D8 /* Info.plist */ = {isa = PBXFileReference; lastKnownFileType = text.plist.xml; path = Info.plist; sourceTree = "<group>"; };
/* End PBXFileReference section */

/* Begin PBXFrameworksBuildPhase section */
		17FF5E3D24533D9200B779D8 /* Frameworks */ = {
			isa = PBXFrameworksBuildPhase;
			buildActionMask = 2147483647;
			files = (
			);
			runOnlyForDeploymentPostprocessing = 0;
		};
/* End PBXFrameworksBuildPhase section */

/* Begin PBXGroup section */
		17FF5E3724533D9200B779D8 = {
			isa = PBXGroup;
			children = (
				17FF5E4224533D9200B779D8 /* swift-ui-first-app */,
				17FF5E4124533D9200B779D8 /* Products */,
			);
			sourceTree = "<group>";
		};
		17FF5E4124533D9200B779D8 /* Products */ = {
			isa = PBXGroup;
			children = (
				17FF5E4024533D9200B779D8 /* swift-ui-first-app.app */,
			);
			name = Products;
			sourceTree = "<group>";
		};
		17FF5E4224533D9200B779D8 /* swift-ui-first-app */ = {
			isa = PBXGroup;
			children = (
				1753AE16245355F2006B5BF1 /* CircleImage.swift */,
				17FF5E4324533D9200B779D8 /* AppDelegate.swift */,
				17FF5E4524533D9200B779D8 /* SceneDelegate.swift */,
				17FF5E4724533D9200B779D8 /* ContentView.swift */,
				17FF5E4924533D9800B779D8 /* Assets.xcassets */,
				17FF5E4E24533D9800B779D8 /* LaunchScreen.storyboard */,
				17FF5E5124533D9800B779D8 /* Info.plist */,
				17FF5E4B24533D9800B779D8 /* Preview Content */,
			);
			path = "swift-ui-first-app";
			sourceTree = "<group>";
		};
		17FF5E4B24533D9800B779D8 /* Preview Content */ = {
			isa = PBXGroup;
			children = (
				17FF5E4C24533D9800B779D8 /* Preview Assets.xcassets */,
			);
			path = "Preview Content";
			sourceTree = "<group>";
		};
/* End PBXGroup section */

/* Begin PBXNativeTarget section */
		17FF5E3F24533D9200B779D8 /* swift-ui-first-app */ = {
			isa = PBXNativeTarget;
			buildConfigurationList = 17FF5E5424533D9800B779D8 /* Build configuration list for PBXNativeTarget "swift-ui-first-app" */;
			buildPhases = (
				17FF5E3C24533D9200B779D8 /* Sources */,
				17FF5E3D24533D9200B779D8 /* Frameworks */,
				17FF5E3E24533D9200B779D8 /* Resources */,
			);
			buildRules = (
			);
			dependencies = (
			);
			name = "swift-ui-first-app";
			productName = "swift-ui-first-app";
			productReference = 17FF5E4024533D9200B779D8 /* swift-ui-first-app.app */;
			productType = "com.apple.product-type.application";
		};
/* End PBXNativeTarget section */

/* Begin PBXProject section */
		17FF5E3824533D9200B779D8 /* Project object */ = {
			isa = PBXProject;
			attributes = {
				LastSwiftUpdateCheck = 1140;
				LastUpgradeCheck = 1140;
				ORGANIZATIONNAME = tprimm;
				TargetAttributes = {
					17FF5E3F24533D9200B779D8 = {
						CreatedOnToolsVersion = 11.4;
					};
				};
			};
			buildConfigurationList = 17FF5E3B24533D9200B779D8 /* Build configuration list for PBXProject "swift-ui-first-app" */;
			compatibilityVersion = "Xcode 9.3";
			developmentRegion = en;
			hasScannedForEncodings = 0;
			knownRegions = (
				en,
				Base,
			);
			mainGroup = 17FF5E3724533D9200B779D8;
			productRefGroup = 17FF5E4124533D9200B779D8 /* Products */;
			projectDirPath = "";
			projectRoot = "";
			targets = (
				17FF5E3F24533D9200B779D8 /* swift-ui-first-app */,
			);
		};
/* End PBXProject section */

/* Begin PBXResourcesBuildPhase section */
		17FF5E3E24533D9200B779D8 /* Resources */ = {
			isa = PBXResourcesBuildPhase;
			buildActionMask = 2147483647;
			files = (
				17FF5E5024533D9800B779D8 /* LaunchScreen.storyboard in Resources */,
				17FF5E4D24533D9800B779D8 /* Preview Assets.xcassets in Resources */,
				17FF5E4A24533D9800B779D8 /* Assets.xcassets in Resources */,
			);
			runOnlyForDeploymentPostprocessing = 0;
		};
/* End PBXResourcesBuildPhase section */

/* Begin PBXSourcesBuildPhase section */
		17FF5E3C24533D9200B779D8 /* Sources */ = {
			isa = PBXSourcesBuildPhase;
			buildActionMask = 2147483647;
			files = (
				17FF5E4424533D9200B779D8 /* AppDelegate.swift in Sources */,
				1753AE17245355F2006B5BF1 /* CircleImage.swift in Sources */,
				17FF5E4624533D9200B779D8 /* SceneDelegate.swift in Sources */,
				17FF5E4824533D9200B779D8 /* ContentView.swift in Sources */,
			);
			runOnlyForDeploymentPostprocessing = 0;
		};
/* End PBXSourcesBuildPhase section */

/* Begin PBXVariantGroup section */
		17FF5E4E24533D9800B779D8 /* LaunchScreen.storyboard */ = {
			isa = PBXVariantGroup;
			children = (
				17FF5E4F24533D9800B779D8 /* Base */,
			);
			name = LaunchScreen.storyboard;
			sourceTree = "<group>";
		};
/* End PBXVariantGroup section */

/* Begin XCBuildConfiguration section */
		17FF5E5224533D9800B779D8 /* Debug */ = {
			isa = XCBuildConfiguration;
			buildSettings = {
				ALWAYS_SEARCH_USER_PATHS = NO;
				CLANG_ANALYZER_NONNULL = YES;
				CLANG_ANALYZER_NUMBER_OBJECT_CONVERSION = YES_AGGRESSIVE;
				CLANG_CXX_LANGUAGE_STANDARD = "gnu++14";
				CLANG_CXX_LIBRARY = "libc++";
				CLANG_ENABLE_MODULES = YES;
				CLANG_ENABLE_OBJC_ARC = YES;
				CLANG_ENABLE_OBJC_WEAK = YES;
				CLANG_WARN_BLOCK_CAPTURE_AUTORELEASING = YES;
				CLANG_WARN_BOOL_CONVERSION = YES;
				CLANG_WARN_COMMA = YES;
				CLANG_WARN_CONSTANT_CONVERSION = YES;
				CLANG_WARN_DEPRECATED_OBJC_IMPLEMENTATIONS = YES;
				CLANG_WARN_DIRECT_OBJC_ISA_USAGE = YES_ERROR;
				CLANG_WARN_DOCUMENTATION_COMMENTS = YES;
				CLANG_WARN_EMPTY_BODY = YES;
				CLANG_WARN_ENUM_CONVERSION = YES;
				CLANG_WARN_INFINITE_RECURSION = YES;
				CLANG_WARN_INT_CONVERSION = YES;
				CLANG_WARN_NON_LITERAL_NULL_CONVERSION = YES;
				CLANG_WARN_OBJC_IMPLICIT_RETAIN_SELF = YES;
				CLANG_WARN_OBJC_LITERAL_CONVERSION = YES;
				CLANG_WARN_OBJC_ROOT_CLASS = YES_ERROR;
				CLANG_WARN_RANGE_LOOP_ANALYSIS = YES;
				CLANG_WARN_STRICT_PROTOTYPES = YES;
				CLANG_WARN_SUSPICIOUS_MOVE = YES;
				CLANG_WARN_UNGUARDED_AVAILABILITY = YES_AGGRESSIVE;
				CLANG_WARN_UNREACHABLE_CODE = YES;
				CLANG_WARN__DUPLICATE_METHOD_MATCH = YES;
				COPY_PHASE_STRIP = NO;
				DEBUG_INFORMATION_FORMAT = dwarf;
				ENABLE_STRICT_OBJC_MSGSEND = YES;
				ENABLE_TESTABILITY = YES;
				GCC_C_LANGUAGE_STANDARD = gnu11;
				GCC_DYNAMIC_NO_PIC = NO;
				GCC_NO_COMMON_BLOCKS = YES;
				GCC_OPTIMIZATION_LEVEL = 0;
				GCC_PREPROCESSOR_DEFINITIONS = (
					"DEBUG=1",
					"$(inherited)",
				);
				GCC_WARN_64_TO_32_BIT_CONVERSION = YES;
				GCC_WARN_ABOUT_RETURN_TYPE = YES_ERROR;
				GCC_WARN_UNDECLARED_SELECTOR = YES;
				GCC_WARN_UNINITIALIZED_AUTOS = YES_AGGRESSIVE;
				GCC_WARN_UNUSED_FUNCTION = YES;
				GCC_WARN_UNUSED_VARIABLE = YES;
				IPHONEOS_DEPLOYMENT_TARGET = 13.4;
				MTL_ENABLE_DEBUG_INFO = INCLUDE_SOURCE;
				MTL_FAST_MATH = YES;
				ONLY_ACTIVE_ARCH = YES;
				SDKROOT = iphoneos;
				SWIFT_ACTIVE_COMPILATION_CONDITIONS = DEBUG;
				SWIFT_OPTIMIZATION_LEVEL = "-Onone";
			};
			name = Debug;
		};
		17FF5E5324533D9800B779D8 /* Release */ = {
			isa = XCBuildConfiguration;
			buildSettings = {
				ALWAYS_SEARCH_USER_PATHS = NO;
				CLANG_ANALYZER_NONNULL = YES;
				CLANG_ANALYZER_NUMBER_OBJECT_CONVERSION = YES_AGGRESSIVE;
				CLANG_CXX_LANGUAGE_STANDARD = "gnu++14";
				CLANG_CXX_LIBRARY = "libc++";
				CLANG_ENABLE_MODULES = YES;
				CLANG_ENABLE_OBJC_ARC = YES;
				CLANG_ENABLE_OBJC_WEAK = YES;
				CLANG_WARN_BLOCK_CAPTURE_AUTORELEASING = YES;
				CLANG_WARN_BOOL_CONVERSION = YES;
				CLANG_WARN_COMMA = YES;
				CLANG_WARN_CONSTANT_CONVERSION = YES;
				CLANG_WARN_DEPRECATED_OBJC_IMPLEMENTATIONS = YES;
				CLANG_WARN_DIRECT_OBJC_ISA_USAGE = YES_ERROR;
				CLANG_WARN_DOCUMENTATION_COMMENTS = YES;
				CLANG_WARN_EMPTY_BODY = YES;
				CLANG_WARN_ENUM_CONVERSION = YES;
				CLANG_WARN_INFINITE_RECURSION = YES;
				CLANG_WARN_INT_CONVERSION = YES;
				CLANG_WARN_NON_LITERAL_NULL_CONVERSION = YES;
				CLANG_WARN_OBJC_IMPLICIT_RETAIN_SELF = YES;
				CLANG_WARN_OBJC_LITERAL_CONVERSION = YES;
				CLANG_WARN_OBJC_ROOT_CLASS = YES_ERROR;
				CLANG_WARN_RANGE_LOOP_ANALYSIS = YES;
				CLANG_WARN_STRICT_PROTOTYPES = YES;
				CLANG_WARN_SUSPICIOUS_MOVE = YES;
				CLANG_WARN_UNGUARDED_AVAILABILITY = YES_AGGRESSIVE;
				CLANG_WARN_UNREACHABLE_CODE = YES;
				CLANG_WARN__DUPLICATE_METHOD_MATCH = YES;
				COPY_PHASE_STRIP = NO;
				DEBUG_INFORMATION_FORMAT = "dwarf-with-dsym";
				ENABLE_NS_ASSERTIONS = NO;
				ENABLE_STRICT_OBJC_MSGSEND = YES;
				GCC_C_LANGUAGE_STANDARD = gnu11;
				GCC_NO_COMMON_BLOCKS = YES;
				GCC_WARN_64_TO_32_BIT_CONVERSION = YES;
				GCC_WARN_ABOUT_RETURN_TYPE = YES_ERROR;
				GCC_WARN_UNDECLARED_SELECTOR = YES;
				GCC_WARN_UNINITIALIZED_AUTOS = YES_AGGRESSIVE;
				GCC_WARN_UNUSED_FUNCTION = YES;
				GCC_WARN_UNUSED_VARIABLE = YES;
				IPHONEOS_DEPLOYMENT_TARGET = 13.4;
				MTL_ENABLE_DEBUG_INFO = NO;
				MTL_FAST_MATH = YES;
				SDKROOT = iphoneos;
				SWIFT_COMPILATION_MODE = wholemodule;
				SWIFT_OPTIMIZATION_LEVEL = "-O";
				VALIDATE_PRODUCT = YES;
			};
			name = Release;
		};
		17FF5E5524533D9800B779D8 /* Debug */ = {
			isa = XCBuildConfiguration;
			buildSettings = {
				ASSETCATALOG_COMPILER_APPICON_NAME = AppIcon;
				CODE_SIGN_STYLE = Automatic;
				DEVELOPMENT_ASSET_PATHS = "\"swift-ui-first-app/Preview Content\"";
				ENABLE_PREVIEWS = YES;
				INFOPLIST_FILE = "swift-ui-first-app/Info.plist";
				LD_RUNPATH_SEARCH_PATHS = (
					"$(inherited)",
					"@executable_path/Frameworks",
				);
				PRODUCT_BUNDLE_IDENTIFIER = "tprimm.swift-ui-first-app";
				PRODUCT_NAME = "$(TARGET_NAME)";
				SWIFT_VERSION = 5.0;
				TARGETED_DEVICE_FAMILY = "1,2";
			};
			name = Debug;
		};
		17FF5E5624533D9800B779D8 /* Release */ = {
			isa = XCBuildConfiguration;
			buildSettings = {
				ASSETCATALOG_COMPILER_APPICON_NAME = AppIcon;
				CODE_SIGN_STYLE = Automatic;
				DEVELOPMENT_ASSET_PATHS = "\"swift-ui-first-app/Preview Content\"";
				ENABLE_PREVIEWS = YES;
				INFOPLIST_FILE = "swift-ui-first-app/Info.plist";
				LD_RUNPATH_SEARCH_PATHS = (
					"$(inherited)",
					"@executable_path/Frameworks",
				);
				PRODUCT_BUNDLE_IDENTIFIER = "tprimm.swift-ui-first-app";
				PRODUCT_NAME = "$(TARGET_NAME)";
				SWIFT_VERSION = 5.0;
				TARGETED_DEVICE_FAMILY = "1,2";
			};
			name = Release;
		};
/* End XCBuildConfiguration section */

/* Begin XCConfigurationList section */
		17FF5E3B24533D9200B779D8 /* Build configuration list for PBXProject "swift-ui-first-app" */ = {
			isa = XCConfigurationList;
			buildConfigurations = (
				17FF5E5224533D9800B779D8 /* Debug */,
				17FF5E5324533D9800B779D8 /* Release */,
			);
			defaultConfigurationIsVisible = 0;
			defaultConfigurationName = Release;
		};
		17FF5E5424533D9800B779D8 /* Build configuration list for PBXNativeTarget "swift-ui-first-app" */ = {
			isa = XCConfigurationList;
			buildConfigurations = (
				17FF5E5524533D9800B779D8 /* Debug */,
				17FF5E5624533D9800B779D8 /* Release */,
			);
			defaultConfigurationIsVisible = 0;
			defaultConfigurationName = Release;
		};
/* End XCConfigurationList section */
	};
	rootObject = 17FF5E3824533D9200B779D8 /* Project object */;
}
